
Microsoft Visual Studio Solution File, Format Version 12.00
# Visual Studio Version 17
VisualStudioVersion = 17.11.35222.181
MinimumVisualStudioVersion = 10.0.40219.1
Project("{FAE04EC0-301F-11D3-BF4B-00C04F79EFBC}") = "Store.Api", "Story.Api\Store.Api.csproj", "{9FE5DFDC-DB2E-4A1D-8BCD-47D61E0A5984}"
EndProject
Global
	GlobalSection(SolutionConfigurationPlatforms) = preSolution
		Debug|Any CPU = Debug|Any CPU
		Release|Any CPU = Release|Any CPU
	EndGlobalSection
	GlobalSection(ProjectConfigurationPlatforms) = postSolution
		{9FE5DFDC-DB2E-4A1D-8BCD-47D61E0A5984}.Debug|Any CPU.ActiveCfg = Debug|Any CPU
		{9FE5DFDC-DB2E-4A1D-8BCD-47D61E0A5984}.Debug|Any CPU.Build.0 = Debug|Any CPU
		{9FE5DFDC-DB2E-4A1D-8BCD-47D61E0A5984}.Release|Any CPU.ActiveCfg = Release|Any CPU
		{9FE5DFDC-DB2E-4A1D-8BCD-47D61E0A5984}.Release|Any CPU.Build.0 = Release|Any CPU
	EndGlobalSection
	GlobalSection(SolutionProperties) = preSolution
		HideSolutionNode = FALSE
	EndGlobalSection
	GlobalSection(ExtensibilityGlobals) = postSolution
		SolutionGuid = {8F1C6DA2-8863-483E-A856-91A9CDF32892}
	EndGlobalSection
EndGlobal
